
Microsoft Visual Studio Solution File, Format Version 12.00
# Visual Studio Version 17
VisualStudioVersion = 17.7.34018.315
MinimumVisualStudioVersion = 10.0.40219.1
Project("{54A90642-561A-4BB1-A94E-469ADEE60C69}") = "vueapp", "vueapp\vueapp.esproj", "{64EA88FE-9EB8-49D0-A61C-B211BCF1D346}"
EndProject
Project("{9A19103F-16F7-4668-BE54-9A1E7A4F7556}") = "webapi", "webapi\webapi.csproj", "{48ADD599-97C1-4275-BEB0-8C98408E2951}"
EndProject
Global
	GlobalSection(SolutionConfigurationPlatforms) = preSolution
		Debug|Any CPU = Debug|Any CPU
		Release|Any CPU = Release|Any CPU
	EndGlobalSection
	GlobalSection(ProjectConfigurationPlatforms) = postSolution
		{64EA88FE-9EB8-49D0-A61C-B211BCF1D346}.Debug|Any CPU.ActiveCfg = Debug|Any CPU
		{64EA88FE-9EB8-49D0-A61C-B211BCF1D346}.Debug|Any CPU.Build.0 = Debug|Any CPU
		{64EA88FE-9EB8-49D0-A61C-B211BCF1D346}.Debug|Any CPU.Deploy.0 = Debug|Any CPU
		{64EA88FE-9EB8-49D0-A61C-B211BCF1D346}.Release|Any CPU.ActiveCfg = Release|Any CPU
		{64EA88FE-9EB8-49D0-A61C-B211BCF1D346}.Release|Any CPU.Build.0 = Release|Any CPU
		{64EA88FE-9EB8-49D0-A61C-B211BCF1D346}.Release|Any CPU.Deploy.0 = Release|Any CPU
		{48ADD599-97C1-4275-BEB0-8C98408E2951}.Debug|Any CPU.ActiveCfg = Debug|Any CPU
		{48ADD599-97C1-4275-BEB0-8C98408E2951}.Debug|Any CPU.Build.0 = Debug|Any CPU
		{48ADD599-97C1-4275-BEB0-8C98408E2951}.Release|Any CPU.ActiveCfg = Release|Any CPU
		{48ADD599-97C1-4275-BEB0-8C98408E2951}.Release|Any CPU.Build.0 = Release|Any CPU
	EndGlobalSection
	GlobalSection(SolutionProperties) = preSolution
		HideSolutionNode = FALSE
	EndGlobalSection
	GlobalSection(ExtensibilityGlobals) = postSolution
		SolutionGuid = {343DC2BE-C0EB-4003-A88B-9CAC2B928433}
	EndGlobalSection
EndGlobal
